// !$*UTF8*$!
{
	archiveVersion = 1;
	classes = {
	};
	objectVersion = 46;
	objects = {

/* Begin PBXBuildFile section */
		89F96EDB1B61343300A259AA /* AppDelegate.swift in Sources */ = {isa = PBXBuildFile; fileRef = 89F96EDA1B61343300A259AA /* AppDelegate.swift */; };
		89F96EDD1B61343300A259AA /* MasterViewController.swift in Sources */ = {isa = PBXBuildFile; fileRef = 89F96EDC1B61343300A259AA /* MasterViewController.swift */; };
		89F96EDF1B61343300A259AA /* DetailViewController.swift in Sources */ = {isa = PBXBuildFile; fileRef = 89F96EDE1B61343300A259AA /* DetailViewController.swift */; };
		89F96EE21B61343300A259AA /* Main.storyboard in Resources */ = {isa = PBXBuildFile; fileRef = 89F96EE01B61343300A259AA /* Main.storyboard */; };
		89F96EE41B61343300A259AA /* Images.xcassets in Resources */ = {isa = PBXBuildFile; fileRef = 89F96EE31B61343300A259AA /* Images.xcassets */; };
		89F96EE71B61343300A259AA /* LaunchScreen.xib in Resources */ = {isa = PBXBuildFile; fileRef = 89F96EE51B61343300A259AA /* LaunchScreen.xib */; };
		89F96EF31B61343300A259AA /* Project7Tests.swift in Sources */ = {isa = PBXBuildFile; fileRef = 89F96EF21B61343300A259AA /* Project7Tests.swift */; };
		89F96EFD1B61363200A259AA /* SwiftyJSON.swift in Sources */ = {isa = PBXBuildFile; fileRef = 89F96EFC1B61363200A259AA /* SwiftyJSON.swift */; };
/* End PBXBuildFile section */

/* Begin PBXContainerItemProxy section */
		89F96EED1B61343300A259AA /* PBXContainerItemProxy */ = {
			isa = PBXContainerItemProxy;
			containerPortal = 89F96ECD1B61343300A259AA /* Project object */;
			proxyType = 1;
			remoteGlobalIDString = 89F96ED41B61343300A259AA;
			remoteInfo = Project7;
		};
/* End PBXContainerItemProxy section */

/* Begin PBXFileReference section */
		89F96ED51B61343300A259AA /* Project7.app */ = {isa = PBXFileReference; explicitFileType = wrapper.application; includeInIndex = 0; path = Project7.app; sourceTree = BUILT_PRODUCTS_DIR; };
		89F96ED91B61343300A259AA /* Info.plist */ = {isa = PBXFileReference; lastKnownFileType = text.plist.xml; path = Info.plist; sourceTree = "<group>"; };
		89F96EDA1B61343300A259AA /* AppDelegate.swift */ = {isa = PBXFileReference; lastKnownFileType = sourcecode.swift; path = AppDelegate.swift; sourceTree = "<group>"; };
		89F96EDC1B61343300A259AA /* MasterViewController.swift */ = {isa = PBXFileReference; lastKnownFileType = sourcecode.swift; path = MasterViewController.swift; sourceTree = "<group>"; };
		89F96EDE1B61343300A259AA /* DetailViewController.swift */ = {isa = PBXFileReference; lastKnownFileType = sourcecode.swift; path = DetailViewController.swift; sourceTree = "<group>"; };
		89F96EE11B61343300A259AA /* Base */ = {isa = PBXFileReference; lastKnownFileType = file.storyboard; name = Base; path = Base.lproj/Main.storyboard; sourceTree = "<group>"; };
		89F96EE31B61343300A259AA /* Images.xcassets */ = {isa = PBXFileReference; lastKnownFileType = folder.assetcatalog; path = Images.xcassets; sourceTree = "<group>"; };
		89F96EE61B61343300A259AA /* Base */ = {isa = PBXFileReference; lastKnownFileType = file.xib; name = Base; path = Base.lproj/LaunchScreen.xib; sourceTree = "<group>"; };
		89F96EEC1B61343300A259AA /* Project7Tests.xctest */ = {isa = PBXFileReference; explicitFileType = wrapper.cfbundle; includeInIndex = 0; path = Project7Tests.xctest; sourceTree = BUILT_PRODUCTS_DIR; };
		89F96EF11B61343300A259AA /* Info.plist */ = {isa = PBXFileReference; lastKnownFileType = text.plist.xml; path = Info.plist; sourceTree = "<group>"; };
		89F96EF21B61343300A259AA /* Project7Tests.swift */ = {isa = PBXFileReference; lastKnownFileType = sourcecode.swift; path = Project7Tests.swift; sourceTree = "<group>"; };
		89F96EFC1B61363200A259AA /* SwiftyJSON.swift */ = {isa = PBXFileReference; fileEncoding = 4; lastKnownFileType = sourcecode.swift; path = SwiftyJSON.swift; sourceTree = "<group>"; };
/* End PBXFileReference section */

/* Begin PBXFrameworksBuildPhase section */
		89F96ED21B61343300A259AA /* Frameworks */ = {
			isa = PBXFrameworksBuildPhase;
			buildActionMask = 2147483647;
			files = (
			);
			runOnlyForDeploymentPostprocessing = 0;
		};
		89F96EE91B61343300A259AA /* Frameworks */ = {
			isa = PBXFrameworksBuildPhase;
			buildActionMask = 2147483647;
			files = (
			);
			runOnlyForDeploymentPostprocessing = 0;
		};
/* End PBXFrameworksBuildPhase section */

/* Begin PBXGroup section */
		89F96ECC1B61343300A259AA = {
			isa = PBXGroup;
			children = (
				89F96ED71B61343300A259AA /* Project7 */,
				89F96EEF1B61343300A259AA /* Project7Tests */,
				89F96ED61B61343300A259AA /* Products */,
			);
			sourceTree = "<group>";
		};
		89F96ED61B61343300A259AA /* Products */ = {
			isa = PBXGroup;
			children = (
				89F96ED51B61343300A259AA /* Project7.app */,
				89F96EEC1B61343300A259AA /* Project7Tests.xctest */,
			);
			name = Products;
			sourceTree = "<group>";
		};
		89F96ED71B61343300A259AA /* Project7 */ = {
			isa = PBXGroup;
			children = (
				89F96EDA1B61343300A259AA /* AppDelegate.swift */,
				89F96EDC1B61343300A259AA /* MasterViewController.swift */,
				89F96EFC1B61363200A259AA /* SwiftyJSON.swift */,
				89F96EDE1B61343300A259AA /* DetailViewController.swift */,
				89F96EE01B61343300A259AA /* Main.storyboard */,
				89F96EE31B61343300A259AA /* Images.xcassets */,
				89F96EE51B61343300A259AA /* LaunchScreen.xib */,
				89F96ED81B61343300A259AA /* Supporting Files */,
			);
			path = Project7;
			sourceTree = "<group>";
		};
		89F96ED81B61343300A259AA /* Supporting Files */ = {
			isa = PBXGroup;
			children = (
				89F96ED91B61343300A259AA /* Info.plist */,
			);
			name = "Supporting Files";
			sourceTree = "<group>";
		};
		89F96EEF1B61343300A259AA /* Project7Tests */ = {
			isa = PBXGroup;
			children = (
				89F96EF21B61343300A259AA /* Project7Tests.swift */,
				89F96EF01B61343300A259AA /* Supporting Files */,
			);
			path = Project7Tests;
			sourceTree = "<group>";
		};
		89F96EF01B61343300A259AA /* Supporting Files */ = {
			isa = PBXGroup;
			children = (
				89F96EF11B61343300A259AA /* Info.plist */,
			);
			name = "Supporting Files";
			sourceTree = "<group>";
		};
/* End PBXGroup section */

/* Begin PBXNativeTarget section */
		89F96ED41B61343300A259AA /* Project7 */ = {
			isa = PBXNativeTarget;
			buildConfigurationList = 89F96EF61B61343300A259AA /* Build configuration list for PBXNativeTarget "Project7" */;
			buildPhases = (
				89F96ED11B61343300A259AA /* Sources */,
				89F96ED21B61343300A259AA /* Frameworks */,
				89F96ED31B61343300A259AA /* Resources */,
			);
			buildRules = (
			);
			dependencies = (
			);
			name = Project7;
			productName = Project7;
			productReference = 89F96ED51B61343300A259AA /* Project7.app */;
			productType = "com.apple.product-type.application";
		};
		89F96EEB1B61343300A259AA /* Project7Tests */ = {
			isa = PBXNativeTarget;
			buildConfigurationList = 89F96EF91B61343300A259AA /* Build configuration list for PBXNativeTarget "Project7Tests" */;
			buildPhases = (
				89F96EE81B61343300A259AA /* Sources */,
				89F96EE91B61343300A259AA /* Frameworks */,
				89F96EEA1B61343300A259AA /* Resources */,
			);
			buildRules = (
			);
			dependencies = (
				89F96EEE1B61343300A259AA /* PBXTargetDependency */,
			);
			name = Project7Tests;
			productName = Project7Tests;
			productReference = 89F96EEC1B61343300A259AA /* Project7Tests.xctest */;
			productType = "com.apple.product-type.bundle.unit-test";
		};
/* End PBXNativeTarget section */

/* Begin PBXProject section */
		89F96ECD1B61343300A259AA /* Project object */ = {
			isa = PBXProject;
			attributes = {
				LastUpgradeCheck = 0640;
				ORGANIZATIONNAME = "Amar Idrizovic";
				TargetAttributes = {
					89F96ED41B61343300A259AA = {
						CreatedOnToolsVersion = 6.4;
					};
					89F96EEB1B61343300A259AA = {
						CreatedOnToolsVersion = 6.4;
						TestTargetID = 89F96ED41B61343300A259AA;
					};
				};
			};
			buildConfigurationList = 89F96ED01B61343300A259AA /* Build configuration list for PBXProject "Project7" */;
			compatibilityVersion = "Xcode 3.2";
			developmentRegion = English;
			hasScannedForEncodings = 0;
			knownRegions = (
				en,
				Base,
			);
			mainGroup = 89F96ECC1B61343300A259AA;
			productRefGroup = 89F96ED61B61343300A259AA /* Products */;
			projectDirPath = "";
			projectRoot = "";
			targets = (
				89F96ED41B61343300A259AA /* Project7 */,
				89F96EEB1B61343300A259AA /* Project7Tests */,
			);
		};
/* End PBXProject section */

/* Begin PBXResourcesBuildPhase section */
		89F96ED31B61343300A259AA /* Resources */ = {
			isa = PBXResourcesBuildPhase;
			buildActionMask = 2147483647;
			files = (
				89F96EE21B61343300A259AA /* Main.storyboard in Resources */,
				89F96EE71B61343300A259AA /* LaunchScreen.xib in Resources */,
				89F96EE41B61343300A259AA /* Images.xcassets in Resources */,
			);
			runOnlyForDeploymentPostprocessing = 0;
		};
		89F96EEA1B61343300A259AA /* Resources */ = {
			isa = PBXResourcesBuildPhase;
			buildActionMask = 2147483647;
			files = (
			);
			runOnlyForDeploymentPostprocessing = 0;
		};
/* End PBXResourcesBuildPhase section */

/* Begin PBXSourcesBuildPhase section */
		89F96ED11B61343300A259AA /* Sources */ = {
			isa = PBXSourcesBuildPhase;
			buildActionMask = 2147483647;
			files = (
				89F96EDF1B61343300A259AA /* DetailViewController.swift in Sources */,
				89F96EDD1B61343300A259AA /* MasterViewController.swift in Sources */,
				89F96EDB1B61343300A259AA /* AppDelegate.swift in Sources */,
				89F96EFD1B61363200A259AA /* SwiftyJSON.swift in Sources */,
			);
			runOnlyForDeploymentPostprocessing = 0;
		};
		89F96EE81B61343300A259AA /* Sources */ = {
			isa = PBXSourcesBuildPhase;
			buildActionMask = 2147483647;
			files = (
				89F96EF31B61343300A259AA /* Project7Tests.swift in Sources */,
			);
			runOnlyForDeploymentPostprocessing = 0;
		};
/* End PBXSourcesBuildPhase section */

/* Begin PBXTargetDependency section */
		89F96EEE1B61343300A259AA /* PBXTargetDependency */ = {
			isa = PBXTargetDependency;
			target = 89F96ED41B61343300A259AA /* Project7 */;
			targetProxy = 89F96EED1B61343300A259AA /* PBXContainerItemProxy */;
		};
/* End PBXTargetDependency section */

/* Begin PBXVariantGroup section */
		89F96EE01B61343300A259AA /* Main.storyboard */ = {
			isa = PBXVariantGroup;
			children = (
				89F96EE11B61343300A259AA /* Base */,
			);
			name = Main.storyboard;
			sourceTree = "<group>";
		};
		89F96EE51B61343300A259AA /* LaunchScreen.xib */ = {
			isa = PBXVariantGroup;
			children = (
				89F96EE61B61343300A259AA /* Base */,
			);
			name = LaunchScreen.xib;
			sourceTree = "<group>";
		};
/* End PBXVariantGroup section */

/* Begin XCBuildConfiguration section */
		89F96EF41B61343300A259AA /* Debug */ = {
			isa = XCBuildConfiguration;
			buildSettings = {
				ALWAYS_SEARCH_USER_PATHS = NO;
				CLANG_CXX_LANGUAGE_STANDARD = "gnu++0x";
				CLANG_CXX_LIBRARY = "libc++";
				CLANG_ENABLE_MODULES = YES;
				CLANG_ENABLE_OBJC_ARC = YES;
				CLANG_WARN_BOOL_CONVERSION = YES;
				CLANG_WARN_CONSTANT_CONVERSION = YES;
				CLANG_WARN_DIRECT_OBJC_ISA_USAGE = YES_ERROR;
				CLANG_WARN_EMPTY_BODY = YES;
				CLANG_WARN_ENUM_CONVERSION = YES;
				CLANG_WARN_INT_CONVERSION = YES;
				CLANG_WARN_OBJC_ROOT_CLASS = YES_ERROR;
				CLANG_WARN_UNREACHABLE_CODE = YES;
				CLANG_WARN__DUPLICATE_METHOD_MATCH = YES;
				"CODE_SIGN_IDENTITY[sdk=iphoneos*]" = "iPhone Developer";
				COPY_PHASE_STRIP = NO;
				DEBUG_INFORMATION_FORMAT = "dwarf-with-dsym";
				ENABLE_STRICT_OBJC_MSGSEND = YES;
				GCC_C_LANGUAGE_STANDARD = gnu99;
				GCC_DYNAMIC_NO_PIC = NO;
				GCC_NO_COMMON_BLOCKS = YES;
				GCC_OPTIMIZATION_LEVEL = 0;
				GCC_PREPROCESSOR_DEFINITIONS = (
					"DEBUG=1",
					"$(inherited)",
				);
				GCC_SYMBOLS_PRIVATE_EXTERN = NO;
				GCC_WARN_64_TO_32_BIT_CONVERSION = YES;
				GCC_WARN_ABOUT_RETURN_TYPE = YES_ERROR;
				GCC_WARN_UNDECLARED_SELECTOR = YES;
				GCC_WARN_UNINITIALIZED_AUTOS = YES_AGGRESSIVE;
				GCC_WARN_UNUSED_FUNCTION = YES;
				GCC_WARN_UNUSED_VARIABLE = YES;
				IPHONEOS_DEPLOYMENT_TARGET = 8.4;
				MTL_ENABLE_DEBUG_INFO = YES;
				ONLY_ACTIVE_ARCH = YES;
				SDKROOT = iphoneos;
				SWIFT_OPTIMIZATION_LEVEL = "-Onone";
			};
			name = Debug;
		};
		89F96EF51B61343300A259AA /* Release */ = {
			isa = XCBuildConfiguration;
			buildSettings = {
				ALWAYS_SEARCH_USER_PATHS = NO;
				CLANG_CXX_LANGUAGE_STANDARD = "gnu++0x";
				CLANG_CXX_LIBRARY = "libc++";
				CLANG_ENABLE_MODULES = YES;
				CLANG_ENABLE_OBJC_ARC = YES;
				CLANG_WARN_BOOL_CONVERSION = YES;
				CLANG_WARN_CONSTANT_CONVERSION = YES;
				CLANG_WARN_DIRECT_OBJC_ISA_USAGE = YES_ERROR;
				CLANG_WARN_EMPTY_BODY = YES;
				CLANG_WARN_ENUM_CONVERSION = YES;
				CLANG_WARN_INT_CONVERSION = YES;
				CLANG_WARN_OBJC_ROOT_CLASS = YES_ERROR;
				CLANG_WARN_UNREACHABLE_CODE = YES;
				CLANG_WARN__DUPLICATE_METHOD_MATCH = YES;
				"CODE_SIGN_IDENTITY[sdk=iphoneos*]" = "iPhone Developer";
				COPY_PHASE_STRIP = NO;
				DEBUG_INFORMATION_FORMAT = "dwarf-with-dsym";
				ENABLE_NS_ASSERTIONS = NO;
				ENABLE_STRICT_OBJC_MSGSEND = YES;
				GCC_C_LANGUAGE_STANDARD = gnu99;
				GCC_NO_COMMON_BLOCKS = YES;
				GCC_WARN_64_TO_32_BIT_CONVERSION = YES;
				GCC_WARN_ABOUT_RETURN_TYPE = YES_ERROR;
				GCC_WARN_UNDECLARED_SELECTOR = YES;
				GCC_WARN_UNINITIALIZED_AUTOS = YES_AGGRESSIVE;
				GCC_WARN_UNUSED_FUNCTION = YES;
				GCC_WARN_UNUSED_VARIABLE = YES;
				IPHONEOS_DEPLOYMENT_TARGET = 8.4;
				MTL_ENABLE_DEBUG_INFO = NO;
				SDKROOT = iphoneos;
				VALIDATE_PRODUCT = YES;
			};
			name = Release;
		};
		89F96EF71B61343300A259AA /* Debug */ = {
			isa = XCBuildConfiguration;
			buildSettings = {
				ASSETCATALOG_COMPILER_APPICON_NAME = AppIcon;
				INFOPLIST_FILE = Project7/Info.plist;
				LD_RUNPATH_SEARCH_PATHS = "$(inherited) @executable_path/Frameworks";
				PRODUCT_NAME = "$(TARGET_NAME)";
			};
			name = Debug;
		};
		89F96EF81B61343300A259AA /* Release */ = {
			isa = XCBuildConfiguration;
			buildSettings = {
				ASSETCATALOG_COMPILER_APPICON_NAME = AppIcon;
				INFOPLIST_FILE = Project7/Info.plist;
				LD_RUNPATH_SEARCH_PATHS = "$(inherited) @executable_path/Frameworks";
				PRODUCT_NAME = "$(TARGET_NAME)";
			};
			name = Release;
		};
		89F96EFA1B61343300A259AA /* Debug */ = {
			isa = XCBuildConfiguration;
			buildSettings = {
				BUNDLE_LOADER = "$(TEST_HOST)";
				FRAMEWORK_SEARCH_PATHS = (
					"$(SDKROOT)/Developer/Library/Frameworks",
					"$(inherited)",
				);
				GCC_PREPROCESSOR_DEFINITIONS = (
					"DEBUG=1",
					"$(inherited)",
				);
				INFOPLIST_FILE = Project7Tests/Info.plist;
				LD_RUNPATH_SEARCH_PATHS = "$(inherited) @executable_path/Frameworks @loader_path/Frameworks";
				PRODUCT_NAME = "$(TARGET_NAME)";
				TEST_HOST = "$(BUILT_PRODUCTS_DIR)/Project7.app/Project7";
			};
			name = Debug;
		};
		89F96EFB1B61343300A259AA /* Release */ = {
			isa = XCBuildConfiguration;
			buildSettings = {
				BUNDLE_LOADER = "$(TEST_HOST)";
				FRAMEWORK_SEARCH_PATHS = (
					"$(SDKROOT)/Developer/Library/Frameworks",
					"$(inherited)",
				);
				INFOPLIST_FILE = Project7Tests/Info.plist;
				LD_RUNPATH_SEARCH_PATHS = "$(inherited) @executable_path/Frameworks @loader_path/Frameworks";
				PRODUCT_NAME = "$(TARGET_NAME)";
				TEST_HOST = "$(BUILT_PRODUCTS_DIR)/Project7.app/Project7";
			};
			name = Release;
		};
/* End XCBuildConfiguration section */

/* Begin XCConfigurationList section */
		89F96ED01B61343300A259AA /* Build configuration list for PBXProject "Project7" */ = {
			isa = XCConfigurationList;
			buildConfigurations = (
				89F96EF41B61343300A259AA /* Debug */,
				89F96EF51B61343300A259AA /* Release */,
			);
			defaultConfigurationIsVisible = 0;
			defaultConfigurationName = Release;
		};
		89F96EF61B61343300A259AA /* Build configuration list for PBXNativeTarget "Project7" */ = {
			isa = XCConfigurationList;
			buildConfigurations = (
				89F96EF71B61343300A259AA /* Debug */,
				89F96EF81B61343300A259AA /* Release */,
			);
			defaultConfigurationIsVisible = 0;
		};
		89F96EF91B61343300A259AA /* Build configuration list for PBXNativeTarget "Project7Tests" */ = {
			isa = XCConfigurationList;
			buildConfigurations = (
				89F96EFA1B61343300A259AA /* Debug */,
				89F96EFB1B61343300A259AA /* Release */,
			);
			defaultConfigurationIsVisible = 0;
		};
/* End XCConfigurationList section */
	};
	rootObject = 89F96ECD1B61343300A259AA /* Project object */;
}
