// !$*UTF8*$!
{
	archiveVersion = 1;
	classes = {
	};
	objectVersion = 46;
	objects = {

/* Begin PBXBuildFile section */
		89FD74AE1B68ECF90067F79E /* AppDelegate.swift in Sources */ = {isa = PBXBuildFile; fileRef = 89FD74AD1B68ECF90067F79E /* AppDelegate.swift */; };
		89FD74B01B68ECF90067F79E /* ViewController.swift in Sources */ = {isa = PBXBuildFile; fileRef = 89FD74AF1B68ECF90067F79E /* ViewController.swift */; };
		89FD74B31B68ECF90067F79E /* Main.storyboard in Resources */ = {isa = PBXBuildFile; fileRef = 89FD74B11B68ECF90067F79E /* Main.storyboard */; };
		89FD74B51B68ECF90067F79E /* Images.xcassets in Resources */ = {isa = PBXBuildFile; fileRef = 89FD74B41B68ECF90067F79E /* Images.xcassets */; };
		89FD74B81B68ECF90067F79E /* LaunchScreen.xib in Resources */ = {isa = PBXBuildFile; fileRef = 89FD74B61B68ECF90067F79E /* LaunchScreen.xib */; };
		89FD74C41B68ECF90067F79E /* Project19Tests.swift in Sources */ = {isa = PBXBuildFile; fileRef = 89FD74C31B68ECF90067F79E /* Project19Tests.swift */; };
		89FD74CE1B68ED760067F79E /* MapKit.framework in Frameworks */ = {isa = PBXBuildFile; fileRef = 89FD74CD1B68ED760067F79E /* MapKit.framework */; };
		89FD74D01B68EDC90067F79E /* Capital.swift in Sources */ = {isa = PBXBuildFile; fileRef = 89FD74CF1B68EDC90067F79E /* Capital.swift */; };
/* End PBXBuildFile section */

/* Begin PBXContainerItemProxy section */
		89FD74BE1B68ECF90067F79E /* PBXContainerItemProxy */ = {
			isa = PBXContainerItemProxy;
			containerPortal = 89FD74A01B68ECF90067F79E /* Project object */;
			proxyType = 1;
			remoteGlobalIDString = 89FD74A71B68ECF90067F79E;
			remoteInfo = Project19;
		};
/* End PBXContainerItemProxy section */

/* Begin PBXFileReference section */
		89FD74A81B68ECF90067F79E /* Project19.app */ = {isa = PBXFileReference; explicitFileType = wrapper.application; includeInIndex = 0; path = Project19.app; sourceTree = BUILT_PRODUCTS_DIR; };
		89FD74AC1B68ECF90067F79E /* Info.plist */ = {isa = PBXFileReference; lastKnownFileType = text.plist.xml; path = Info.plist; sourceTree = "<group>"; };
		89FD74AD1B68ECF90067F79E /* AppDelegate.swift */ = {isa = PBXFileReference; lastKnownFileType = sourcecode.swift; path = AppDelegate.swift; sourceTree = "<group>"; };
		89FD74AF1B68ECF90067F79E /* ViewController.swift */ = {isa = PBXFileReference; lastKnownFileType = sourcecode.swift; path = ViewController.swift; sourceTree = "<group>"; };
		89FD74B21B68ECF90067F79E /* Base */ = {isa = PBXFileReference; lastKnownFileType = file.storyboard; name = Base; path = Base.lproj/Main.storyboard; sourceTree = "<group>"; };
		89FD74B41B68ECF90067F79E /* Images.xcassets */ = {isa = PBXFileReference; lastKnownFileType = folder.assetcatalog; path = Images.xcassets; sourceTree = "<group>"; };
		89FD74B71B68ECF90067F79E /* Base */ = {isa = PBXFileReference; lastKnownFileType = file.xib; name = Base; path = Base.lproj/LaunchScreen.xib; sourceTree = "<group>"; };
		89FD74BD1B68ECF90067F79E /* Project19Tests.xctest */ = {isa = PBXFileReference; explicitFileType = wrapper.cfbundle; includeInIndex = 0; path = Project19Tests.xctest; sourceTree = BUILT_PRODUCTS_DIR; };
		89FD74C21B68ECF90067F79E /* Info.plist */ = {isa = PBXFileReference; lastKnownFileType = text.plist.xml; path = Info.plist; sourceTree = "<group>"; };
		89FD74C31B68ECF90067F79E /* Project19Tests.swift */ = {isa = PBXFileReference; lastKnownFileType = sourcecode.swift; path = Project19Tests.swift; sourceTree = "<group>"; };
		89FD74CD1B68ED760067F79E /* MapKit.framework */ = {isa = PBXFileReference; lastKnownFileType = wrapper.framework; name = MapKit.framework; path = System/Library/Frameworks/MapKit.framework; sourceTree = SDKROOT; };
		89FD74CF1B68EDC90067F79E /* Capital.swift */ = {isa = PBXFileReference; fileEncoding = 4; lastKnownFileType = sourcecode.swift; path = Capital.swift; sourceTree = "<group>"; };
/* End PBXFileReference section */

/* Begin PBXFrameworksBuildPhase section */
		89FD74A51B68ECF90067F79E /* Frameworks */ = {
			isa = PBXFrameworksBuildPhase;
			buildActionMask = 2147483647;
			files = (
				89FD74CE1B68ED760067F79E /* MapKit.framework in Frameworks */,
			);
			runOnlyForDeploymentPostprocessing = 0;
		};
		89FD74BA1B68ECF90067F79E /* Frameworks */ = {
			isa = PBXFrameworksBuildPhase;
			buildActionMask = 2147483647;
			files = (
			);
			runOnlyForDeploymentPostprocessing = 0;
		};
/* End PBXFrameworksBuildPhase section */

/* Begin PBXGroup section */
		89FD749F1B68ECF90067F79E = {
			isa = PBXGroup;
			children = (
				89FD74CD1B68ED760067F79E /* MapKit.framework */,
				89FD74AA1B68ECF90067F79E /* Project19 */,
				89FD74C01B68ECF90067F79E /* Project19Tests */,
				89FD74A91B68ECF90067F79E /* Products */,
			);
			sourceTree = "<group>";
		};
		89FD74A91B68ECF90067F79E /* Products */ = {
			isa = PBXGroup;
			children = (
				89FD74A81B68ECF90067F79E /* Project19.app */,
				89FD74BD1B68ECF90067F79E /* Project19Tests.xctest */,
			);
			name = Products;
			sourceTree = "<group>";
		};
		89FD74AA1B68ECF90067F79E /* Project19 */ = {
			isa = PBXGroup;
			children = (
				89FD74AD1B68ECF90067F79E /* AppDelegate.swift */,
				89FD74AF1B68ECF90067F79E /* ViewController.swift */,
				89FD74B11B68ECF90067F79E /* Main.storyboard */,
				89FD74B41B68ECF90067F79E /* Images.xcassets */,
				89FD74B61B68ECF90067F79E /* LaunchScreen.xib */,
				89FD74AB1B68ECF90067F79E /* Supporting Files */,
				89FD74CF1B68EDC90067F79E /* Capital.swift */,
			);
			path = Project19;
			sourceTree = "<group>";
		};
		89FD74AB1B68ECF90067F79E /* Supporting Files */ = {
			isa = PBXGroup;
			children = (
				89FD74AC1B68ECF90067F79E /* Info.plist */,
			);
			name = "Supporting Files";
			sourceTree = "<group>";
		};
		89FD74C01B68ECF90067F79E /* Project19Tests */ = {
			isa = PBXGroup;
			children = (
				89FD74C31B68ECF90067F79E /* Project19Tests.swift */,
				89FD74C11B68ECF90067F79E /* Supporting Files */,
			);
			path = Project19Tests;
			sourceTree = "<group>";
		};
		89FD74C11B68ECF90067F79E /* Supporting Files */ = {
			isa = PBXGroup;
			children = (
				89FD74C21B68ECF90067F79E /* Info.plist */,
			);
			name = "Supporting Files";
			sourceTree = "<group>";
		};
/* End PBXGroup section */

/* Begin PBXNativeTarget section */
		89FD74A71B68ECF90067F79E /* Project19 */ = {
			isa = PBXNativeTarget;
			buildConfigurationList = 89FD74C71B68ECF90067F79E /* Build configuration list for PBXNativeTarget "Project19" */;
			buildPhases = (
				89FD74A41B68ECF90067F79E /* Sources */,
				89FD74A51B68ECF90067F79E /* Frameworks */,
				89FD74A61B68ECF90067F79E /* Resources */,
			);
			buildRules = (
			);
			dependencies = (
			);
			name = Project19;
			productName = Project19;
			productReference = 89FD74A81B68ECF90067F79E /* Project19.app */;
			productType = "com.apple.product-type.application";
		};
		89FD74BC1B68ECF90067F79E /* Project19Tests */ = {
			isa = PBXNativeTarget;
			buildConfigurationList = 89FD74CA1B68ECF90067F79E /* Build configuration list for PBXNativeTarget "Project19Tests" */;
			buildPhases = (
				89FD74B91B68ECF90067F79E /* Sources */,
				89FD74BA1B68ECF90067F79E /* Frameworks */,
				89FD74BB1B68ECF90067F79E /* Resources */,
			);
			buildRules = (
			);
			dependencies = (
				89FD74BF1B68ECF90067F79E /* PBXTargetDependency */,
			);
			name = Project19Tests;
			productName = Project19Tests;
			productReference = 89FD74BD1B68ECF90067F79E /* Project19Tests.xctest */;
			productType = "com.apple.product-type.bundle.unit-test";
		};
/* End PBXNativeTarget section */

/* Begin PBXProject section */
		89FD74A01B68ECF90067F79E /* Project object */ = {
			isa = PBXProject;
			attributes = {
				LastUpgradeCheck = 0640;
				ORGANIZATIONNAME = "Amar Idrizovic";
				TargetAttributes = {
					89FD74A71B68ECF90067F79E = {
						CreatedOnToolsVersion = 6.4;
						SystemCapabilities = {
							com.apple.Maps.iOS = {
								enabled = 1;
							};
						};
					};
					89FD74BC1B68ECF90067F79E = {
						CreatedOnToolsVersion = 6.4;
						TestTargetID = 89FD74A71B68ECF90067F79E;
					};
				};
			};
			buildConfigurationList = 89FD74A31B68ECF90067F79E /* Build configuration list for PBXProject "Project19" */;
			compatibilityVersion = "Xcode 3.2";
			developmentRegion = English;
			hasScannedForEncodings = 0;
			knownRegions = (
				en,
				Base,
			);
			mainGroup = 89FD749F1B68ECF90067F79E;
			productRefGroup = 89FD74A91B68ECF90067F79E /* Products */;
			projectDirPath = "";
			projectRoot = "";
			targets = (
				89FD74A71B68ECF90067F79E /* Project19 */,
				89FD74BC1B68ECF90067F79E /* Project19Tests */,
			);
		};
/* End PBXProject section */

/* Begin PBXResourcesBuildPhase section */
		89FD74A61B68ECF90067F79E /* Resources */ = {
			isa = PBXResourcesBuildPhase;
			buildActionMask = 2147483647;
			files = (
				89FD74B31B68ECF90067F79E /* Main.storyboard in Resources */,
				89FD74B81B68ECF90067F79E /* LaunchScreen.xib in Resources */,
				89FD74B51B68ECF90067F79E /* Images.xcassets in Resources */,
			);
			runOnlyForDeploymentPostprocessing = 0;
		};
		89FD74BB1B68ECF90067F79E /* Resources */ = {
			isa = PBXResourcesBuildPhase;
			buildActionMask = 2147483647;
			files = (
			);
			runOnlyForDeploymentPostprocessing = 0;
		};
/* End PBXResourcesBuildPhase section */

/* Begin PBXSourcesBuildPhase section */
		89FD74A41B68ECF90067F79E /* Sources */ = {
			isa = PBXSourcesBuildPhase;
			buildActionMask = 2147483647;
			files = (
				89FD74B01B68ECF90067F79E /* ViewController.swift in Sources */,
				89FD74AE1B68ECF90067F79E /* AppDelegate.swift in Sources */,
				89FD74D01B68EDC90067F79E /* Capital.swift in Sources */,
			);
			runOnlyForDeploymentPostprocessing = 0;
		};
		89FD74B91B68ECF90067F79E /* Sources */ = {
			isa = PBXSourcesBuildPhase;
			buildActionMask = 2147483647;
			files = (
				89FD74C41B68ECF90067F79E /* Project19Tests.swift in Sources */,
			);
			runOnlyForDeploymentPostprocessing = 0;
		};
/* End PBXSourcesBuildPhase section */

/* Begin PBXTargetDependency section */
		89FD74BF1B68ECF90067F79E /* PBXTargetDependency */ = {
			isa = PBXTargetDependency;
			target = 89FD74A71B68ECF90067F79E /* Project19 */;
			targetProxy = 89FD74BE1B68ECF90067F79E /* PBXContainerItemProxy */;
		};
/* End PBXTargetDependency section */

/* Begin PBXVariantGroup section */
		89FD74B11B68ECF90067F79E /* Main.storyboard */ = {
			isa = PBXVariantGroup;
			children = (
				89FD74B21B68ECF90067F79E /* Base */,
			);
			name = Main.storyboard;
			sourceTree = "<group>";
		};
		89FD74B61B68ECF90067F79E /* LaunchScreen.xib */ = {
			isa = PBXVariantGroup;
			children = (
				89FD74B71B68ECF90067F79E /* Base */,
			);
			name = LaunchScreen.xib;
			sourceTree = "<group>";
		};
/* End PBXVariantGroup section */

/* Begin XCBuildConfiguration section */
		89FD74C51B68ECF90067F79E /* Debug */ = {
			isa = XCBuildConfiguration;
			buildSettings = {
				ALWAYS_SEARCH_USER_PATHS = NO;
				CLANG_CXX_LANGUAGE_STANDARD = "gnu++0x";
				CLANG_CXX_LIBRARY = "libc++";
				CLANG_ENABLE_MODULES = YES;
				CLANG_ENABLE_OBJC_ARC = YES;
				CLANG_WARN_BOOL_CONVERSION = YES;
				CLANG_WARN_CONSTANT_CONVERSION = YES;
				CLANG_WARN_DIRECT_OBJC_ISA_USAGE = YES_ERROR;
				CLANG_WARN_EMPTY_BODY = YES;
				CLANG_WARN_ENUM_CONVERSION = YES;
				CLANG_WARN_INT_CONVERSION = YES;
				CLANG_WARN_OBJC_ROOT_CLASS = YES_ERROR;
				CLANG_WARN_UNREACHABLE_CODE = YES;
				CLANG_WARN__DUPLICATE_METHOD_MATCH = YES;
				"CODE_SIGN_IDENTITY[sdk=iphoneos*]" = "iPhone Developer";
				COPY_PHASE_STRIP = NO;
				DEBUG_INFORMATION_FORMAT = "dwarf-with-dsym";
				ENABLE_STRICT_OBJC_MSGSEND = YES;
				GCC_C_LANGUAGE_STANDARD = gnu99;
				GCC_DYNAMIC_NO_PIC = NO;
				GCC_NO_COMMON_BLOCKS = YES;
				GCC_OPTIMIZATION_LEVEL = 0;
				GCC_PREPROCESSOR_DEFINITIONS = (
					"DEBUG=1",
					"$(inherited)",
				);
				GCC_SYMBOLS_PRIVATE_EXTERN = NO;
				GCC_WARN_64_TO_32_BIT_CONVERSION = YES;
				GCC_WARN_ABOUT_RETURN_TYPE = YES_ERROR;
				GCC_WARN_UNDECLARED_SELECTOR = YES;
				GCC_WARN_UNINITIALIZED_AUTOS = YES_AGGRESSIVE;
				GCC_WARN_UNUSED_FUNCTION = YES;
				GCC_WARN_UNUSED_VARIABLE = YES;
				IPHONEOS_DEPLOYMENT_TARGET = 8.4;
				MTL_ENABLE_DEBUG_INFO = YES;
				ONLY_ACTIVE_ARCH = YES;
				SDKROOT = iphoneos;
				SWIFT_OPTIMIZATION_LEVEL = "-Onone";
			};
			name = Debug;
		};
		89FD74C61B68ECF90067F79E /* Release */ = {
			isa = XCBuildConfiguration;
			buildSettings = {
				ALWAYS_SEARCH_USER_PATHS = NO;
				CLANG_CXX_LANGUAGE_STANDARD = "gnu++0x";
				CLANG_CXX_LIBRARY = "libc++";
				CLANG_ENABLE_MODULES = YES;
				CLANG_ENABLE_OBJC_ARC = YES;
				CLANG_WARN_BOOL_CONVERSION = YES;
				CLANG_WARN_CONSTANT_CONVERSION = YES;
				CLANG_WARN_DIRECT_OBJC_ISA_USAGE = YES_ERROR;
				CLANG_WARN_EMPTY_BODY = YES;
				CLANG_WARN_ENUM_CONVERSION = YES;
				CLANG_WARN_INT_CONVERSION = YES;
				CLANG_WARN_OBJC_ROOT_CLASS = YES_ERROR;
				CLANG_WARN_UNREACHABLE_CODE = YES;
				CLANG_WARN__DUPLICATE_METHOD_MATCH = YES;
				"CODE_SIGN_IDENTITY[sdk=iphoneos*]" = "iPhone Developer";
				COPY_PHASE_STRIP = NO;
				DEBUG_INFORMATION_FORMAT = "dwarf-with-dsym";
				ENABLE_NS_ASSERTIONS = NO;
				ENABLE_STRICT_OBJC_MSGSEND = YES;
				GCC_C_LANGUAGE_STANDARD = gnu99;
				GCC_NO_COMMON_BLOCKS = YES;
				GCC_WARN_64_TO_32_BIT_CONVERSION = YES;
				GCC_WARN_ABOUT_RETURN_TYPE = YES_ERROR;
				GCC_WARN_UNDECLARED_SELECTOR = YES;
				GCC_WARN_UNINITIALIZED_AUTOS = YES_AGGRESSIVE;
				GCC_WARN_UNUSED_FUNCTION = YES;
				GCC_WARN_UNUSED_VARIABLE = YES;
				IPHONEOS_DEPLOYMENT_TARGET = 8.4;
				MTL_ENABLE_DEBUG_INFO = NO;
				SDKROOT = iphoneos;
				VALIDATE_PRODUCT = YES;
			};
			name = Release;
		};
		89FD74C81B68ECF90067F79E /* Debug */ = {
			isa = XCBuildConfiguration;
			buildSettings = {
				ASSETCATALOG_COMPILER_APPICON_NAME = AppIcon;
				INFOPLIST_FILE = Project19/Info.plist;
				LD_RUNPATH_SEARCH_PATHS = "$(inherited) @executable_path/Frameworks";
				PRODUCT_NAME = "$(TARGET_NAME)";
			};
			name = Debug;
		};
		89FD74C91B68ECF90067F79E /* Release */ = {
			isa = XCBuildConfiguration;
			buildSettings = {
				ASSETCATALOG_COMPILER_APPICON_NAME = AppIcon;
				INFOPLIST_FILE = Project19/Info.plist;
				LD_RUNPATH_SEARCH_PATHS = "$(inherited) @executable_path/Frameworks";
				PRODUCT_NAME = "$(TARGET_NAME)";
			};
			name = Release;
		};
		89FD74CB1B68ECF90067F79E /* Debug */ = {
			isa = XCBuildConfiguration;
			buildSettings = {
				BUNDLE_LOADER = "$(TEST_HOST)";
				FRAMEWORK_SEARCH_PATHS = (
					"$(SDKROOT)/Developer/Library/Frameworks",
					"$(inherited)",
				);
				GCC_PREPROCESSOR_DEFINITIONS = (
					"DEBUG=1",
					"$(inherited)",
				);
				INFOPLIST_FILE = Project19Tests/Info.plist;
				LD_RUNPATH_SEARCH_PATHS = "$(inherited) @executable_path/Frameworks @loader_path/Frameworks";
				PRODUCT_NAME = "$(TARGET_NAME)";
				TEST_HOST = "$(BUILT_PRODUCTS_DIR)/Project19.app/Project19";
			};
			name = Debug;
		};
		89FD74CC1B68ECF90067F79E /* Release */ = {
			isa = XCBuildConfiguration;
			buildSettings = {
				BUNDLE_LOADER = "$(TEST_HOST)";
				FRAMEWORK_SEARCH_PATHS = (
					"$(SDKROOT)/Developer/Library/Frameworks",
					"$(inherited)",
				);
				INFOPLIST_FILE = Project19Tests/Info.plist;
				LD_RUNPATH_SEARCH_PATHS = "$(inherited) @executable_path/Frameworks @loader_path/Frameworks";
				PRODUCT_NAME = "$(TARGET_NAME)";
				TEST_HOST = "$(BUILT_PRODUCTS_DIR)/Project19.app/Project19";
			};
			name = Release;
		};
/* End XCBuildConfiguration section */

/* Begin XCConfigurationList section */
		89FD74A31B68ECF90067F79E /* Build configuration list for PBXProject "Project19" */ = {
			isa = XCConfigurationList;
			buildConfigurations = (
				89FD74C51B68ECF90067F79E /* Debug */,
				89FD74C61B68ECF90067F79E /* Release */,
			);
			defaultConfigurationIsVisible = 0;
			defaultConfigurationName = Release;
		};
		89FD74C71B68ECF90067F79E /* Build configuration list for PBXNativeTarget "Project19" */ = {
			isa = XCConfigurationList;
			buildConfigurations = (
				89FD74C81B68ECF90067F79E /* Debug */,
				89FD74C91B68ECF90067F79E /* Release */,
			);
			defaultConfigurationIsVisible = 0;
		};
		89FD74CA1B68ECF90067F79E /* Build configuration list for PBXNativeTarget "Project19Tests" */ = {
			isa = XCConfigurationList;
			buildConfigurations = (
				89FD74CB1B68ECF90067F79E /* Debug */,
				89FD74CC1B68ECF90067F79E /* Release */,
			);
			defaultConfigurationIsVisible = 0;
		};
/* End XCConfigurationList section */
	};
	rootObject = 89FD74A01B68ECF90067F79E /* Project object */;
}
