// !$*UTF8*$!
{
	archiveVersion = 1;
	classes = {
	};
	objectVersion = 46;
	objects = {

/* Begin PBXBuildFile section */
		89F96E651B60D44400A259AA /* AppDelegate.swift in Sources */ = {isa = PBXBuildFile; fileRef = 89F96E641B60D44400A259AA /* AppDelegate.swift */; };
		89F96E671B60D44400A259AA /* ViewController.swift in Sources */ = {isa = PBXBuildFile; fileRef = 89F96E661B60D44400A259AA /* ViewController.swift */; };
		89F96E6A1B60D44400A259AA /* Main.storyboard in Resources */ = {isa = PBXBuildFile; fileRef = 89F96E681B60D44400A259AA /* Main.storyboard */; };
		89F96E6C1B60D44400A259AA /* Images.xcassets in Resources */ = {isa = PBXBuildFile; fileRef = 89F96E6B1B60D44400A259AA /* Images.xcassets */; };
		89F96E6F1B60D44400A259AA /* LaunchScreen.xib in Resources */ = {isa = PBXBuildFile; fileRef = 89F96E6D1B60D44400A259AA /* LaunchScreen.xib */; };
		89F96E7B1B60D44400A259AA /* Project4Tests.swift in Sources */ = {isa = PBXBuildFile; fileRef = 89F96E7A1B60D44400A259AA /* Project4Tests.swift */; };
/* End PBXBuildFile section */

/* Begin PBXContainerItemProxy section */
		89F96E751B60D44400A259AA /* PBXContainerItemProxy */ = {
			isa = PBXContainerItemProxy;
			containerPortal = 89F96E571B60D44400A259AA /* Project object */;
			proxyType = 1;
			remoteGlobalIDString = 89F96E5E1B60D44400A259AA;
			remoteInfo = Project4;
		};
/* End PBXContainerItemProxy section */

/* Begin PBXFileReference section */
		89F96E5F1B60D44400A259AA /* Project4.app */ = {isa = PBXFileReference; explicitFileType = wrapper.application; includeInIndex = 0; path = Project4.app; sourceTree = BUILT_PRODUCTS_DIR; };
		89F96E631B60D44400A259AA /* Info.plist */ = {isa = PBXFileReference; lastKnownFileType = text.plist.xml; path = Info.plist; sourceTree = "<group>"; };
		89F96E641B60D44400A259AA /* AppDelegate.swift */ = {isa = PBXFileReference; lastKnownFileType = sourcecode.swift; path = AppDelegate.swift; sourceTree = "<group>"; };
		89F96E661B60D44400A259AA /* ViewController.swift */ = {isa = PBXFileReference; lastKnownFileType = sourcecode.swift; path = ViewController.swift; sourceTree = "<group>"; };
		89F96E691B60D44400A259AA /* Base */ = {isa = PBXFileReference; lastKnownFileType = file.storyboard; name = Base; path = Base.lproj/Main.storyboard; sourceTree = "<group>"; };
		89F96E6B1B60D44400A259AA /* Images.xcassets */ = {isa = PBXFileReference; lastKnownFileType = folder.assetcatalog; path = Images.xcassets; sourceTree = "<group>"; };
		89F96E6E1B60D44400A259AA /* Base */ = {isa = PBXFileReference; lastKnownFileType = file.xib; name = Base; path = Base.lproj/LaunchScreen.xib; sourceTree = "<group>"; };
		89F96E741B60D44400A259AA /* Project4Tests.xctest */ = {isa = PBXFileReference; explicitFileType = wrapper.cfbundle; includeInIndex = 0; path = Project4Tests.xctest; sourceTree = BUILT_PRODUCTS_DIR; };
		89F96E791B60D44400A259AA /* Info.plist */ = {isa = PBXFileReference; lastKnownFileType = text.plist.xml; path = Info.plist; sourceTree = "<group>"; };
		89F96E7A1B60D44400A259AA /* Project4Tests.swift */ = {isa = PBXFileReference; lastKnownFileType = sourcecode.swift; path = Project4Tests.swift; sourceTree = "<group>"; };
/* End PBXFileReference section */

/* Begin PBXFrameworksBuildPhase section */
		89F96E5C1B60D44400A259AA /* Frameworks */ = {
			isa = PBXFrameworksBuildPhase;
			buildActionMask = 2147483647;
			files = (
			);
			runOnlyForDeploymentPostprocessing = 0;
		};
		89F96E711B60D44400A259AA /* Frameworks */ = {
			isa = PBXFrameworksBuildPhase;
			buildActionMask = 2147483647;
			files = (
			);
			runOnlyForDeploymentPostprocessing = 0;
		};
/* End PBXFrameworksBuildPhase section */

/* Begin PBXGroup section */
		89F96E561B60D44400A259AA = {
			isa = PBXGroup;
			children = (
				89F96E611B60D44400A259AA /* Project4 */,
				89F96E771B60D44400A259AA /* Project4Tests */,
				89F96E601B60D44400A259AA /* Products */,
			);
			sourceTree = "<group>";
		};
		89F96E601B60D44400A259AA /* Products */ = {
			isa = PBXGroup;
			children = (
				89F96E5F1B60D44400A259AA /* Project4.app */,
				89F96E741B60D44400A259AA /* Project4Tests.xctest */,
			);
			name = Products;
			sourceTree = "<group>";
		};
		89F96E611B60D44400A259AA /* Project4 */ = {
			isa = PBXGroup;
			children = (
				89F96E641B60D44400A259AA /* AppDelegate.swift */,
				89F96E661B60D44400A259AA /* ViewController.swift */,
				89F96E681B60D44400A259AA /* Main.storyboard */,
				89F96E6B1B60D44400A259AA /* Images.xcassets */,
				89F96E6D1B60D44400A259AA /* LaunchScreen.xib */,
				89F96E621B60D44400A259AA /* Supporting Files */,
			);
			path = Project4;
			sourceTree = "<group>";
		};
		89F96E621B60D44400A259AA /* Supporting Files */ = {
			isa = PBXGroup;
			children = (
				89F96E631B60D44400A259AA /* Info.plist */,
			);
			name = "Supporting Files";
			sourceTree = "<group>";
		};
		89F96E771B60D44400A259AA /* Project4Tests */ = {
			isa = PBXGroup;
			children = (
				89F96E7A1B60D44400A259AA /* Project4Tests.swift */,
				89F96E781B60D44400A259AA /* Supporting Files */,
			);
			path = Project4Tests;
			sourceTree = "<group>";
		};
		89F96E781B60D44400A259AA /* Supporting Files */ = {
			isa = PBXGroup;
			children = (
				89F96E791B60D44400A259AA /* Info.plist */,
			);
			name = "Supporting Files";
			sourceTree = "<group>";
		};
/* End PBXGroup section */

/* Begin PBXNativeTarget section */
		89F96E5E1B60D44400A259AA /* Project4 */ = {
			isa = PBXNativeTarget;
			buildConfigurationList = 89F96E7E1B60D44400A259AA /* Build configuration list for PBXNativeTarget "Project4" */;
			buildPhases = (
				89F96E5B1B60D44400A259AA /* Sources */,
				89F96E5C1B60D44400A259AA /* Frameworks */,
				89F96E5D1B60D44400A259AA /* Resources */,
			);
			buildRules = (
			);
			dependencies = (
			);
			name = Project4;
			productName = Project4;
			productReference = 89F96E5F1B60D44400A259AA /* Project4.app */;
			productType = "com.apple.product-type.application";
		};
		89F96E731B60D44400A259AA /* Project4Tests */ = {
			isa = PBXNativeTarget;
			buildConfigurationList = 89F96E811B60D44400A259AA /* Build configuration list for PBXNativeTarget "Project4Tests" */;
			buildPhases = (
				89F96E701B60D44400A259AA /* Sources */,
				89F96E711B60D44400A259AA /* Frameworks */,
				89F96E721B60D44400A259AA /* Resources */,
			);
			buildRules = (
			);
			dependencies = (
				89F96E761B60D44400A259AA /* PBXTargetDependency */,
			);
			name = Project4Tests;
			productName = Project4Tests;
			productReference = 89F96E741B60D44400A259AA /* Project4Tests.xctest */;
			productType = "com.apple.product-type.bundle.unit-test";
		};
/* End PBXNativeTarget section */

/* Begin PBXProject section */
		89F96E571B60D44400A259AA /* Project object */ = {
			isa = PBXProject;
			attributes = {
				LastUpgradeCheck = 0640;
				ORGANIZATIONNAME = "Amar Idrizovic";
				TargetAttributes = {
					89F96E5E1B60D44400A259AA = {
						CreatedOnToolsVersion = 6.4;
					};
					89F96E731B60D44400A259AA = {
						CreatedOnToolsVersion = 6.4;
						TestTargetID = 89F96E5E1B60D44400A259AA;
					};
				};
			};
			buildConfigurationList = 89F96E5A1B60D44400A259AA /* Build configuration list for PBXProject "Project4" */;
			compatibilityVersion = "Xcode 3.2";
			developmentRegion = English;
			hasScannedForEncodings = 0;
			knownRegions = (
				en,
				Base,
			);
			mainGroup = 89F96E561B60D44400A259AA;
			productRefGroup = 89F96E601B60D44400A259AA /* Products */;
			projectDirPath = "";
			projectRoot = "";
			targets = (
				89F96E5E1B60D44400A259AA /* Project4 */,
				89F96E731B60D44400A259AA /* Project4Tests */,
			);
		};
/* End PBXProject section */

/* Begin PBXResourcesBuildPhase section */
		89F96E5D1B60D44400A259AA /* Resources */ = {
			isa = PBXResourcesBuildPhase;
			buildActionMask = 2147483647;
			files = (
				89F96E6A1B60D44400A259AA /* Main.storyboard in Resources */,
				89F96E6F1B60D44400A259AA /* LaunchScreen.xib in Resources */,
				89F96E6C1B60D44400A259AA /* Images.xcassets in Resources */,
			);
			runOnlyForDeploymentPostprocessing = 0;
		};
		89F96E721B60D44400A259AA /* Resources */ = {
			isa = PBXResourcesBuildPhase;
			buildActionMask = 2147483647;
			files = (
			);
			runOnlyForDeploymentPostprocessing = 0;
		};
/* End PBXResourcesBuildPhase section */

/* Begin PBXSourcesBuildPhase section */
		89F96E5B1B60D44400A259AA /* Sources */ = {
			isa = PBXSourcesBuildPhase;
			buildActionMask = 2147483647;
			files = (
				89F96E671B60D44400A259AA /* ViewController.swift in Sources */,
				89F96E651B60D44400A259AA /* AppDelegate.swift in Sources */,
			);
			runOnlyForDeploymentPostprocessing = 0;
		};
		89F96E701B60D44400A259AA /* Sources */ = {
			isa = PBXSourcesBuildPhase;
			buildActionMask = 2147483647;
			files = (
				89F96E7B1B60D44400A259AA /* Project4Tests.swift in Sources */,
			);
			runOnlyForDeploymentPostprocessing = 0;
		};
/* End PBXSourcesBuildPhase section */

/* Begin PBXTargetDependency section */
		89F96E761B60D44400A259AA /* PBXTargetDependency */ = {
			isa = PBXTargetDependency;
			target = 89F96E5E1B60D44400A259AA /* Project4 */;
			targetProxy = 89F96E751B60D44400A259AA /* PBXContainerItemProxy */;
		};
/* End PBXTargetDependency section */

/* Begin PBXVariantGroup section */
		89F96E681B60D44400A259AA /* Main.storyboard */ = {
			isa = PBXVariantGroup;
			children = (
				89F96E691B60D44400A259AA /* Base */,
			);
			name = Main.storyboard;
			sourceTree = "<group>";
		};
		89F96E6D1B60D44400A259AA /* LaunchScreen.xib */ = {
			isa = PBXVariantGroup;
			children = (
				89F96E6E1B60D44400A259AA /* Base */,
			);
			name = LaunchScreen.xib;
			sourceTree = "<group>";
		};
/* End PBXVariantGroup section */

/* Begin XCBuildConfiguration section */
		89F96E7C1B60D44400A259AA /* Debug */ = {
			isa = XCBuildConfiguration;
			buildSettings = {
				ALWAYS_SEARCH_USER_PATHS = NO;
				CLANG_CXX_LANGUAGE_STANDARD = "gnu++0x";
				CLANG_CXX_LIBRARY = "libc++";
				CLANG_ENABLE_MODULES = YES;
				CLANG_ENABLE_OBJC_ARC = YES;
				CLANG_WARN_BOOL_CONVERSION = YES;
				CLANG_WARN_CONSTANT_CONVERSION = YES;
				CLANG_WARN_DIRECT_OBJC_ISA_USAGE = YES_ERROR;
				CLANG_WARN_EMPTY_BODY = YES;
				CLANG_WARN_ENUM_CONVERSION = YES;
				CLANG_WARN_INT_CONVERSION = YES;
				CLANG_WARN_OBJC_ROOT_CLASS = YES_ERROR;
				CLANG_WARN_UNREACHABLE_CODE = YES;
				CLANG_WARN__DUPLICATE_METHOD_MATCH = YES;
				"CODE_SIGN_IDENTITY[sdk=iphoneos*]" = "iPhone Developer";
				COPY_PHASE_STRIP = NO;
				DEBUG_INFORMATION_FORMAT = "dwarf-with-dsym";
				ENABLE_STRICT_OBJC_MSGSEND = YES;
				GCC_C_LANGUAGE_STANDARD = gnu99;
				GCC_DYNAMIC_NO_PIC = NO;
				GCC_NO_COMMON_BLOCKS = YES;
				GCC_OPTIMIZATION_LEVEL = 0;
				GCC_PREPROCESSOR_DEFINITIONS = (
					"DEBUG=1",
					"$(inherited)",
				);
				GCC_SYMBOLS_PRIVATE_EXTERN = NO;
				GCC_WARN_64_TO_32_BIT_CONVERSION = YES;
				GCC_WARN_ABOUT_RETURN_TYPE = YES_ERROR;
				GCC_WARN_UNDECLARED_SELECTOR = YES;
				GCC_WARN_UNINITIALIZED_AUTOS = YES_AGGRESSIVE;
				GCC_WARN_UNUSED_FUNCTION = YES;
				GCC_WARN_UNUSED_VARIABLE = YES;
				IPHONEOS_DEPLOYMENT_TARGET = 8.4;
				MTL_ENABLE_DEBUG_INFO = YES;
				ONLY_ACTIVE_ARCH = YES;
				SDKROOT = iphoneos;
				SWIFT_OPTIMIZATION_LEVEL = "-Onone";
				TARGETED_DEVICE_FAMILY = "1,2";
			};
			name = Debug;
		};
		89F96E7D1B60D44400A259AA /* Release */ = {
			isa = XCBuildConfiguration;
			buildSettings = {
				ALWAYS_SEARCH_USER_PATHS = NO;
				CLANG_CXX_LANGUAGE_STANDARD = "gnu++0x";
				CLANG_CXX_LIBRARY = "libc++";
				CLANG_ENABLE_MODULES = YES;
				CLANG_ENABLE_OBJC_ARC = YES;
				CLANG_WARN_BOOL_CONVERSION = YES;
				CLANG_WARN_CONSTANT_CONVERSION = YES;
				CLANG_WARN_DIRECT_OBJC_ISA_USAGE = YES_ERROR;
				CLANG_WARN_EMPTY_BODY = YES;
				CLANG_WARN_ENUM_CONVERSION = YES;
				CLANG_WARN_INT_CONVERSION = YES;
				CLANG_WARN_OBJC_ROOT_CLASS = YES_ERROR;
				CLANG_WARN_UNREACHABLE_CODE = YES;
				CLANG_WARN__DUPLICATE_METHOD_MATCH = YES;
				"CODE_SIGN_IDENTITY[sdk=iphoneos*]" = "iPhone Developer";
				COPY_PHASE_STRIP = NO;
				DEBUG_INFORMATION_FORMAT = "dwarf-with-dsym";
				ENABLE_NS_ASSERTIONS = NO;
				ENABLE_STRICT_OBJC_MSGSEND = YES;
				GCC_C_LANGUAGE_STANDARD = gnu99;
				GCC_NO_COMMON_BLOCKS = YES;
				GCC_WARN_64_TO_32_BIT_CONVERSION = YES;
				GCC_WARN_ABOUT_RETURN_TYPE = YES_ERROR;
				GCC_WARN_UNDECLARED_SELECTOR = YES;
				GCC_WARN_UNINITIALIZED_AUTOS = YES_AGGRESSIVE;
				GCC_WARN_UNUSED_FUNCTION = YES;
				GCC_WARN_UNUSED_VARIABLE = YES;
				IPHONEOS_DEPLOYMENT_TARGET = 8.4;
				MTL_ENABLE_DEBUG_INFO = NO;
				SDKROOT = iphoneos;
				TARGETED_DEVICE_FAMILY = "1,2";
				VALIDATE_PRODUCT = YES;
			};
			name = Release;
		};
		89F96E7F1B60D44400A259AA /* Debug */ = {
			isa = XCBuildConfiguration;
			buildSettings = {
				ASSETCATALOG_COMPILER_APPICON_NAME = AppIcon;
				INFOPLIST_FILE = Project4/Info.plist;
				LD_RUNPATH_SEARCH_PATHS = "$(inherited) @executable_path/Frameworks";
				PRODUCT_NAME = "$(TARGET_NAME)";
			};
			name = Debug;
		};
		89F96E801B60D44400A259AA /* Release */ = {
			isa = XCBuildConfiguration;
			buildSettings = {
				ASSETCATALOG_COMPILER_APPICON_NAME = AppIcon;
				INFOPLIST_FILE = Project4/Info.plist;
				LD_RUNPATH_SEARCH_PATHS = "$(inherited) @executable_path/Frameworks";
				PRODUCT_NAME = "$(TARGET_NAME)";
			};
			name = Release;
		};
		89F96E821B60D44400A259AA /* Debug */ = {
			isa = XCBuildConfiguration;
			buildSettings = {
				BUNDLE_LOADER = "$(TEST_HOST)";
				FRAMEWORK_SEARCH_PATHS = (
					"$(SDKROOT)/Developer/Library/Frameworks",
					"$(inherited)",
				);
				GCC_PREPROCESSOR_DEFINITIONS = (
					"DEBUG=1",
					"$(inherited)",
				);
				INFOPLIST_FILE = Project4Tests/Info.plist;
				LD_RUNPATH_SEARCH_PATHS = "$(inherited) @executable_path/Frameworks @loader_path/Frameworks";
				PRODUCT_NAME = "$(TARGET_NAME)";
				TEST_HOST = "$(BUILT_PRODUCTS_DIR)/Project4.app/Project4";
			};
			name = Debug;
		};
		89F96E831B60D44400A259AA /* Release */ = {
			isa = XCBuildConfiguration;
			buildSettings = {
				BUNDLE_LOADER = "$(TEST_HOST)";
				FRAMEWORK_SEARCH_PATHS = (
					"$(SDKROOT)/Developer/Library/Frameworks",
					"$(inherited)",
				);
				INFOPLIST_FILE = Project4Tests/Info.plist;
				LD_RUNPATH_SEARCH_PATHS = "$(inherited) @executable_path/Frameworks @loader_path/Frameworks";
				PRODUCT_NAME = "$(TARGET_NAME)";
				TEST_HOST = "$(BUILT_PRODUCTS_DIR)/Project4.app/Project4";
			};
			name = Release;
		};
/* End XCBuildConfiguration section */

/* Begin XCConfigurationList section */
		89F96E5A1B60D44400A259AA /* Build configuration list for PBXProject "Project4" */ = {
			isa = XCConfigurationList;
			buildConfigurations = (
				89F96E7C1B60D44400A259AA /* Debug */,
				89F96E7D1B60D44400A259AA /* Release */,
			);
			defaultConfigurationIsVisible = 0;
			defaultConfigurationName = Release;
		};
		89F96E7E1B60D44400A259AA /* Build configuration list for PBXNativeTarget "Project4" */ = {
			isa = XCConfigurationList;
			buildConfigurations = (
				89F96E7F1B60D44400A259AA /* Debug */,
				89F96E801B60D44400A259AA /* Release */,
			);
			defaultConfigurationIsVisible = 0;
		};
		89F96E811B60D44400A259AA /* Build configuration list for PBXNativeTarget "Project4Tests" */ = {
			isa = XCConfigurationList;
			buildConfigurations = (
				89F96E821B60D44400A259AA /* Debug */,
				89F96E831B60D44400A259AA /* Release */,
			);
			defaultConfigurationIsVisible = 0;
		};
/* End XCConfigurationList section */
	};
	rootObject = 89F96E571B60D44400A259AA /* Project object */;
}
