// !$*UTF8*$!
{
	archiveVersion = 1;
	classes = {
	};
	objectVersion = 46;
	objects = {

/* Begin PBXBuildFile section */
		8964A14A1B693199000A006A /* AppDelegate.swift in Sources */ = {isa = PBXBuildFile; fileRef = 8964A1491B693199000A006A /* AppDelegate.swift */; };
		8964A14C1B693199000A006A /* ViewController.swift in Sources */ = {isa = PBXBuildFile; fileRef = 8964A14B1B693199000A006A /* ViewController.swift */; };
		8964A14F1B693199000A006A /* Main.storyboard in Resources */ = {isa = PBXBuildFile; fileRef = 8964A14D1B693199000A006A /* Main.storyboard */; };
		8964A1511B693199000A006A /* Images.xcassets in Resources */ = {isa = PBXBuildFile; fileRef = 8964A1501B693199000A006A /* Images.xcassets */; };
		8964A1541B693199000A006A /* LaunchScreen.xib in Resources */ = {isa = PBXBuildFile; fileRef = 8964A1521B693199000A006A /* LaunchScreen.xib */; };
		8964A1601B693199000A006A /* Project25Tests.swift in Sources */ = {isa = PBXBuildFile; fileRef = 8964A15F1B693199000A006A /* Project25Tests.swift */; };
/* End PBXBuildFile section */

/* Begin PBXContainerItemProxy section */
		8964A15A1B693199000A006A /* PBXContainerItemProxy */ = {
			isa = PBXContainerItemProxy;
			containerPortal = 8964A13C1B693199000A006A /* Project object */;
			proxyType = 1;
			remoteGlobalIDString = 8964A1431B693199000A006A;
			remoteInfo = Project25;
		};
/* End PBXContainerItemProxy section */

/* Begin PBXFileReference section */
		8964A1441B693199000A006A /* Project25.app */ = {isa = PBXFileReference; explicitFileType = wrapper.application; includeInIndex = 0; path = Project25.app; sourceTree = BUILT_PRODUCTS_DIR; };
		8964A1481B693199000A006A /* Info.plist */ = {isa = PBXFileReference; lastKnownFileType = text.plist.xml; path = Info.plist; sourceTree = "<group>"; };
		8964A1491B693199000A006A /* AppDelegate.swift */ = {isa = PBXFileReference; lastKnownFileType = sourcecode.swift; path = AppDelegate.swift; sourceTree = "<group>"; };
		8964A14B1B693199000A006A /* ViewController.swift */ = {isa = PBXFileReference; lastKnownFileType = sourcecode.swift; path = ViewController.swift; sourceTree = "<group>"; };
		8964A14E1B693199000A006A /* Base */ = {isa = PBXFileReference; lastKnownFileType = file.storyboard; name = Base; path = Base.lproj/Main.storyboard; sourceTree = "<group>"; };
		8964A1501B693199000A006A /* Images.xcassets */ = {isa = PBXFileReference; lastKnownFileType = folder.assetcatalog; path = Images.xcassets; sourceTree = "<group>"; };
		8964A1531B693199000A006A /* Base */ = {isa = PBXFileReference; lastKnownFileType = file.xib; name = Base; path = Base.lproj/LaunchScreen.xib; sourceTree = "<group>"; };
		8964A1591B693199000A006A /* Project25Tests.xctest */ = {isa = PBXFileReference; explicitFileType = wrapper.cfbundle; includeInIndex = 0; path = Project25Tests.xctest; sourceTree = BUILT_PRODUCTS_DIR; };
		8964A15E1B693199000A006A /* Info.plist */ = {isa = PBXFileReference; lastKnownFileType = text.plist.xml; path = Info.plist; sourceTree = "<group>"; };
		8964A15F1B693199000A006A /* Project25Tests.swift */ = {isa = PBXFileReference; lastKnownFileType = sourcecode.swift; path = Project25Tests.swift; sourceTree = "<group>"; };
/* End PBXFileReference section */

/* Begin PBXFrameworksBuildPhase section */
		8964A1411B693199000A006A /* Frameworks */ = {
			isa = PBXFrameworksBuildPhase;
			buildActionMask = 2147483647;
			files = (
			);
			runOnlyForDeploymentPostprocessing = 0;
		};
		8964A1561B693199000A006A /* Frameworks */ = {
			isa = PBXFrameworksBuildPhase;
			buildActionMask = 2147483647;
			files = (
			);
			runOnlyForDeploymentPostprocessing = 0;
		};
/* End PBXFrameworksBuildPhase section */

/* Begin PBXGroup section */
		8964A13B1B693199000A006A = {
			isa = PBXGroup;
			children = (
				8964A1461B693199000A006A /* Project25 */,
				8964A15C1B693199000A006A /* Project25Tests */,
				8964A1451B693199000A006A /* Products */,
			);
			sourceTree = "<group>";
		};
		8964A1451B693199000A006A /* Products */ = {
			isa = PBXGroup;
			children = (
				8964A1441B693199000A006A /* Project25.app */,
				8964A1591B693199000A006A /* Project25Tests.xctest */,
			);
			name = Products;
			sourceTree = "<group>";
		};
		8964A1461B693199000A006A /* Project25 */ = {
			isa = PBXGroup;
			children = (
				8964A1491B693199000A006A /* AppDelegate.swift */,
				8964A14B1B693199000A006A /* ViewController.swift */,
				8964A14D1B693199000A006A /* Main.storyboard */,
				8964A1501B693199000A006A /* Images.xcassets */,
				8964A1521B693199000A006A /* LaunchScreen.xib */,
				8964A1471B693199000A006A /* Supporting Files */,
			);
			path = Project25;
			sourceTree = "<group>";
		};
		8964A1471B693199000A006A /* Supporting Files */ = {
			isa = PBXGroup;
			children = (
				8964A1481B693199000A006A /* Info.plist */,
			);
			name = "Supporting Files";
			sourceTree = "<group>";
		};
		8964A15C1B693199000A006A /* Project25Tests */ = {
			isa = PBXGroup;
			children = (
				8964A15F1B693199000A006A /* Project25Tests.swift */,
				8964A15D1B693199000A006A /* Supporting Files */,
			);
			path = Project25Tests;
			sourceTree = "<group>";
		};
		8964A15D1B693199000A006A /* Supporting Files */ = {
			isa = PBXGroup;
			children = (
				8964A15E1B693199000A006A /* Info.plist */,
			);
			name = "Supporting Files";
			sourceTree = "<group>";
		};
/* End PBXGroup section */

/* Begin PBXNativeTarget section */
		8964A1431B693199000A006A /* Project25 */ = {
			isa = PBXNativeTarget;
			buildConfigurationList = 8964A1631B693199000A006A /* Build configuration list for PBXNativeTarget "Project25" */;
			buildPhases = (
				8964A1401B693199000A006A /* Sources */,
				8964A1411B693199000A006A /* Frameworks */,
				8964A1421B693199000A006A /* Resources */,
			);
			buildRules = (
			);
			dependencies = (
			);
			name = Project25;
			productName = Project25;
			productReference = 8964A1441B693199000A006A /* Project25.app */;
			productType = "com.apple.product-type.application";
		};
		8964A1581B693199000A006A /* Project25Tests */ = {
			isa = PBXNativeTarget;
			buildConfigurationList = 8964A1661B693199000A006A /* Build configuration list for PBXNativeTarget "Project25Tests" */;
			buildPhases = (
				8964A1551B693199000A006A /* Sources */,
				8964A1561B693199000A006A /* Frameworks */,
				8964A1571B693199000A006A /* Resources */,
			);
			buildRules = (
			);
			dependencies = (
				8964A15B1B693199000A006A /* PBXTargetDependency */,
			);
			name = Project25Tests;
			productName = Project25Tests;
			productReference = 8964A1591B693199000A006A /* Project25Tests.xctest */;
			productType = "com.apple.product-type.bundle.unit-test";
		};
/* End PBXNativeTarget section */

/* Begin PBXProject section */
		8964A13C1B693199000A006A /* Project object */ = {
			isa = PBXProject;
			attributes = {
				LastUpgradeCheck = 0640;
				ORGANIZATIONNAME = "Amar Idrizovic";
				TargetAttributes = {
					8964A1431B693199000A006A = {
						CreatedOnToolsVersion = 6.4;
					};
					8964A1581B693199000A006A = {
						CreatedOnToolsVersion = 6.4;
						TestTargetID = 8964A1431B693199000A006A;
					};
				};
			};
			buildConfigurationList = 8964A13F1B693199000A006A /* Build configuration list for PBXProject "Project25" */;
			compatibilityVersion = "Xcode 3.2";
			developmentRegion = English;
			hasScannedForEncodings = 0;
			knownRegions = (
				en,
				Base,
			);
			mainGroup = 8964A13B1B693199000A006A;
			productRefGroup = 8964A1451B693199000A006A /* Products */;
			projectDirPath = "";
			projectRoot = "";
			targets = (
				8964A1431B693199000A006A /* Project25 */,
				8964A1581B693199000A006A /* Project25Tests */,
			);
		};
/* End PBXProject section */

/* Begin PBXResourcesBuildPhase section */
		8964A1421B693199000A006A /* Resources */ = {
			isa = PBXResourcesBuildPhase;
			buildActionMask = 2147483647;
			files = (
				8964A14F1B693199000A006A /* Main.storyboard in Resources */,
				8964A1541B693199000A006A /* LaunchScreen.xib in Resources */,
				8964A1511B693199000A006A /* Images.xcassets in Resources */,
			);
			runOnlyForDeploymentPostprocessing = 0;
		};
		8964A1571B693199000A006A /* Resources */ = {
			isa = PBXResourcesBuildPhase;
			buildActionMask = 2147483647;
			files = (
			);
			runOnlyForDeploymentPostprocessing = 0;
		};
/* End PBXResourcesBuildPhase section */

/* Begin PBXSourcesBuildPhase section */
		8964A1401B693199000A006A /* Sources */ = {
			isa = PBXSourcesBuildPhase;
			buildActionMask = 2147483647;
			files = (
				8964A14C1B693199000A006A /* ViewController.swift in Sources */,
				8964A14A1B693199000A006A /* AppDelegate.swift in Sources */,
			);
			runOnlyForDeploymentPostprocessing = 0;
		};
		8964A1551B693199000A006A /* Sources */ = {
			isa = PBXSourcesBuildPhase;
			buildActionMask = 2147483647;
			files = (
				8964A1601B693199000A006A /* Project25Tests.swift in Sources */,
			);
			runOnlyForDeploymentPostprocessing = 0;
		};
/* End PBXSourcesBuildPhase section */

/* Begin PBXTargetDependency section */
		8964A15B1B693199000A006A /* PBXTargetDependency */ = {
			isa = PBXTargetDependency;
			target = 8964A1431B693199000A006A /* Project25 */;
			targetProxy = 8964A15A1B693199000A006A /* PBXContainerItemProxy */;
		};
/* End PBXTargetDependency section */

/* Begin PBXVariantGroup section */
		8964A14D1B693199000A006A /* Main.storyboard */ = {
			isa = PBXVariantGroup;
			children = (
				8964A14E1B693199000A006A /* Base */,
			);
			name = Main.storyboard;
			sourceTree = "<group>";
		};
		8964A1521B693199000A006A /* LaunchScreen.xib */ = {
			isa = PBXVariantGroup;
			children = (
				8964A1531B693199000A006A /* Base */,
			);
			name = LaunchScreen.xib;
			sourceTree = "<group>";
		};
/* End PBXVariantGroup section */

/* Begin XCBuildConfiguration section */
		8964A1611B693199000A006A /* Debug */ = {
			isa = XCBuildConfiguration;
			buildSettings = {
				ALWAYS_SEARCH_USER_PATHS = NO;
				CLANG_CXX_LANGUAGE_STANDARD = "gnu++0x";
				CLANG_CXX_LIBRARY = "libc++";
				CLANG_ENABLE_MODULES = YES;
				CLANG_ENABLE_OBJC_ARC = YES;
				CLANG_WARN_BOOL_CONVERSION = YES;
				CLANG_WARN_CONSTANT_CONVERSION = YES;
				CLANG_WARN_DIRECT_OBJC_ISA_USAGE = YES_ERROR;
				CLANG_WARN_EMPTY_BODY = YES;
				CLANG_WARN_ENUM_CONVERSION = YES;
				CLANG_WARN_INT_CONVERSION = YES;
				CLANG_WARN_OBJC_ROOT_CLASS = YES_ERROR;
				CLANG_WARN_UNREACHABLE_CODE = YES;
				CLANG_WARN__DUPLICATE_METHOD_MATCH = YES;
				"CODE_SIGN_IDENTITY[sdk=iphoneos*]" = "iPhone Developer";
				COPY_PHASE_STRIP = NO;
				DEBUG_INFORMATION_FORMAT = "dwarf-with-dsym";
				ENABLE_STRICT_OBJC_MSGSEND = YES;
				GCC_C_LANGUAGE_STANDARD = gnu99;
				GCC_DYNAMIC_NO_PIC = NO;
				GCC_NO_COMMON_BLOCKS = YES;
				GCC_OPTIMIZATION_LEVEL = 0;
				GCC_PREPROCESSOR_DEFINITIONS = (
					"DEBUG=1",
					"$(inherited)",
				);
				GCC_SYMBOLS_PRIVATE_EXTERN = NO;
				GCC_WARN_64_TO_32_BIT_CONVERSION = YES;
				GCC_WARN_ABOUT_RETURN_TYPE = YES_ERROR;
				GCC_WARN_UNDECLARED_SELECTOR = YES;
				GCC_WARN_UNINITIALIZED_AUTOS = YES_AGGRESSIVE;
				GCC_WARN_UNUSED_FUNCTION = YES;
				GCC_WARN_UNUSED_VARIABLE = YES;
				IPHONEOS_DEPLOYMENT_TARGET = 8.4;
				MTL_ENABLE_DEBUG_INFO = YES;
				ONLY_ACTIVE_ARCH = YES;
				SDKROOT = iphoneos;
				SWIFT_OPTIMIZATION_LEVEL = "-Onone";
				TARGETED_DEVICE_FAMILY = "1,2";
			};
			name = Debug;
		};
		8964A1621B693199000A006A /* Release */ = {
			isa = XCBuildConfiguration;
			buildSettings = {
				ALWAYS_SEARCH_USER_PATHS = NO;
				CLANG_CXX_LANGUAGE_STANDARD = "gnu++0x";
				CLANG_CXX_LIBRARY = "libc++";
				CLANG_ENABLE_MODULES = YES;
				CLANG_ENABLE_OBJC_ARC = YES;
				CLANG_WARN_BOOL_CONVERSION = YES;
				CLANG_WARN_CONSTANT_CONVERSION = YES;
				CLANG_WARN_DIRECT_OBJC_ISA_USAGE = YES_ERROR;
				CLANG_WARN_EMPTY_BODY = YES;
				CLANG_WARN_ENUM_CONVERSION = YES;
				CLANG_WARN_INT_CONVERSION = YES;
				CLANG_WARN_OBJC_ROOT_CLASS = YES_ERROR;
				CLANG_WARN_UNREACHABLE_CODE = YES;
				CLANG_WARN__DUPLICATE_METHOD_MATCH = YES;
				"CODE_SIGN_IDENTITY[sdk=iphoneos*]" = "iPhone Developer";
				COPY_PHASE_STRIP = NO;
				DEBUG_INFORMATION_FORMAT = "dwarf-with-dsym";
				ENABLE_NS_ASSERTIONS = NO;
				ENABLE_STRICT_OBJC_MSGSEND = YES;
				GCC_C_LANGUAGE_STANDARD = gnu99;
				GCC_NO_COMMON_BLOCKS = YES;
				GCC_WARN_64_TO_32_BIT_CONVERSION = YES;
				GCC_WARN_ABOUT_RETURN_TYPE = YES_ERROR;
				GCC_WARN_UNDECLARED_SELECTOR = YES;
				GCC_WARN_UNINITIALIZED_AUTOS = YES_AGGRESSIVE;
				GCC_WARN_UNUSED_FUNCTION = YES;
				GCC_WARN_UNUSED_VARIABLE = YES;
				IPHONEOS_DEPLOYMENT_TARGET = 8.4;
				MTL_ENABLE_DEBUG_INFO = NO;
				SDKROOT = iphoneos;
				TARGETED_DEVICE_FAMILY = "1,2";
				VALIDATE_PRODUCT = YES;
			};
			name = Release;
		};
		8964A1641B693199000A006A /* Debug */ = {
			isa = XCBuildConfiguration;
			buildSettings = {
				ASSETCATALOG_COMPILER_APPICON_NAME = AppIcon;
				INFOPLIST_FILE = Project25/Info.plist;
				LD_RUNPATH_SEARCH_PATHS = "$(inherited) @executable_path/Frameworks";
				PRODUCT_NAME = "$(TARGET_NAME)";
			};
			name = Debug;
		};
		8964A1651B693199000A006A /* Release */ = {
			isa = XCBuildConfiguration;
			buildSettings = {
				ASSETCATALOG_COMPILER_APPICON_NAME = AppIcon;
				INFOPLIST_FILE = Project25/Info.plist;
				LD_RUNPATH_SEARCH_PATHS = "$(inherited) @executable_path/Frameworks";
				PRODUCT_NAME = "$(TARGET_NAME)";
			};
			name = Release;
		};
		8964A1671B693199000A006A /* Debug */ = {
			isa = XCBuildConfiguration;
			buildSettings = {
				BUNDLE_LOADER = "$(TEST_HOST)";
				FRAMEWORK_SEARCH_PATHS = (
					"$(SDKROOT)/Developer/Library/Frameworks",
					"$(inherited)",
				);
				GCC_PREPROCESSOR_DEFINITIONS = (
					"DEBUG=1",
					"$(inherited)",
				);
				INFOPLIST_FILE = Project25Tests/Info.plist;
				LD_RUNPATH_SEARCH_PATHS = "$(inherited) @executable_path/Frameworks @loader_path/Frameworks";
				PRODUCT_NAME = "$(TARGET_NAME)";
				TEST_HOST = "$(BUILT_PRODUCTS_DIR)/Project25.app/Project25";
			};
			name = Debug;
		};
		8964A1681B693199000A006A /* Release */ = {
			isa = XCBuildConfiguration;
			buildSettings = {
				BUNDLE_LOADER = "$(TEST_HOST)";
				FRAMEWORK_SEARCH_PATHS = (
					"$(SDKROOT)/Developer/Library/Frameworks",
					"$(inherited)",
				);
				INFOPLIST_FILE = Project25Tests/Info.plist;
				LD_RUNPATH_SEARCH_PATHS = "$(inherited) @executable_path/Frameworks @loader_path/Frameworks";
				PRODUCT_NAME = "$(TARGET_NAME)";
				TEST_HOST = "$(BUILT_PRODUCTS_DIR)/Project25.app/Project25";
			};
			name = Release;
		};
/* End XCBuildConfiguration section */

/* Begin XCConfigurationList section */
		8964A13F1B693199000A006A /* Build configuration list for PBXProject "Project25" */ = {
			isa = XCConfigurationList;
			buildConfigurations = (
				8964A1611B693199000A006A /* Debug */,
				8964A1621B693199000A006A /* Release */,
			);
			defaultConfigurationIsVisible = 0;
			defaultConfigurationName = Release;
		};
		8964A1631B693199000A006A /* Build configuration list for PBXNativeTarget "Project25" */ = {
			isa = XCConfigurationList;
			buildConfigurations = (
				8964A1641B693199000A006A /* Debug */,
				8964A1651B693199000A006A /* Release */,
			);
			defaultConfigurationIsVisible = 0;
		};
		8964A1661B693199000A006A /* Build configuration list for PBXNativeTarget "Project25Tests" */ = {
			isa = XCConfigurationList;
			buildConfigurations = (
				8964A1671B693199000A006A /* Debug */,
				8964A1681B693199000A006A /* Release */,
			);
			defaultConfigurationIsVisible = 0;
		};
/* End XCConfigurationList section */
	};
	rootObject = 8964A13C1B693199000A006A /* Project object */;
}
